// !$*UTF8*$!
{
	archiveVersion = 1;
	classes = {
	};
	objectVersion = 46;
	objects = {

/* Begin PBXBuildFile section */
		F616175E1D7E8D30000DCF8F /* AppDelegate.swift in Sources */ = {isa = PBXBuildFile; fileRef = F616175D1D7E8D30000DCF8F /* AppDelegate.swift */; };
		F61617601D7E8D30000DCF8F /* ViewController.swift in Sources */ = {isa = PBXBuildFile; fileRef = F616175F1D7E8D30000DCF8F /* ViewController.swift */; };
		F61617631D7E8D30000DCF8F /* Main.storyboard in Resources */ = {isa = PBXBuildFile; fileRef = F61617611D7E8D30000DCF8F /* Main.storyboard */; };
		F61617651D7E8D30000DCF8F /* Assets.xcassets in Resources */ = {isa = PBXBuildFile; fileRef = F61617641D7E8D30000DCF8F /* Assets.xcassets */; };
		F61617681D7E8D30000DCF8F /* LaunchScreen.storyboard in Resources */ = {isa = PBXBuildFile; fileRef = F61617661D7E8D30000DCF8F /* LaunchScreen.storyboard */; };
		F61617731D7E8D30000DCF8F /* project1Tests.swift in Sources */ = {isa = PBXBuildFile; fileRef = F61617721D7E8D30000DCF8F /* project1Tests.swift */; };
		F616177E1D7E8D30000DCF8F /* project1UITests.swift in Sources */ = {isa = PBXBuildFile; fileRef = F616177D1D7E8D30000DCF8F /* project1UITests.swift */; };
/* End PBXBuildFile section */

/* Begin PBXContainerItemProxy section */
		F616176F1D7E8D30000DCF8F /* PBXContainerItemProxy */ = {
			isa = PBXContainerItemProxy;
			containerPortal = F61617521D7E8D30000DCF8F /* Project object */;
			proxyType = 1;
			remoteGlobalIDString = F61617591D7E8D30000DCF8F;
			remoteInfo = project1;
		};
		F616177A1D7E8D30000DCF8F /* PBXContainerItemProxy */ = {
			isa = PBXContainerItemProxy;
			containerPortal = F61617521D7E8D30000DCF8F /* Project object */;
			proxyType = 1;
			remoteGlobalIDString = F61617591D7E8D30000DCF8F;
			remoteInfo = project1;
		};
/* End PBXContainerItemProxy section */

/* Begin PBXFileReference section */
		F616175A1D7E8D30000DCF8F /* project1.app */ = {isa = PBXFileReference; explicitFileType = wrapper.application; includeInIndex = 0; path = project1.app; sourceTree = BUILT_PRODUCTS_DIR; };
		F616175D1D7E8D30000DCF8F /* AppDelegate.swift */ = {isa = PBXFileReference; lastKnownFileType = sourcecode.swift; path = AppDelegate.swift; sourceTree = "<group>"; };
		F616175F1D7E8D30000DCF8F /* ViewController.swift */ = {isa = PBXFileReference; lastKnownFileType = sourcecode.swift; path = ViewController.swift; sourceTree = "<group>"; };
		F61617621D7E8D30000DCF8F /* Base */ = {isa = PBXFileReference; lastKnownFileType = file.storyboard; name = Base; path = Base.lproj/Main.storyboard; sourceTree = "<group>"; };
		F61617641D7E8D30000DCF8F /* Assets.xcassets */ = {isa = PBXFileReference; lastKnownFileType = folder.assetcatalog; path = Assets.xcassets; sourceTree = "<group>"; };
		F61617671D7E8D30000DCF8F /* Base */ = {isa = PBXFileReference; lastKnownFileType = file.storyboard; name = Base; path = Base.lproj/LaunchScreen.storyboard; sourceTree = "<group>"; };
		F61617691D7E8D30000DCF8F /* Info.plist */ = {isa = PBXFileReference; lastKnownFileType = text.plist.xml; path = Info.plist; sourceTree = "<group>"; };
		F616176E1D7E8D30000DCF8F /* project1Tests.xctest */ = {isa = PBXFileReference; explicitFileType = wrapper.cfbundle; includeInIndex = 0; path = project1Tests.xctest; sourceTree = BUILT_PRODUCTS_DIR; };
		F61617721D7E8D30000DCF8F /* project1Tests.swift */ = {isa = PBXFileReference; lastKnownFileType = sourcecode.swift; path = project1Tests.swift; sourceTree = "<group>"; };
		F61617741D7E8D30000DCF8F /* Info.plist */ = {isa = PBXFileReference; lastKnownFileType = text.plist.xml; path = Info.plist; sourceTree = "<group>"; };
		F61617791D7E8D30000DCF8F /* project1UITests.xctest */ = {isa = PBXFileReference; explicitFileType = wrapper.cfbundle; includeInIndex = 0; path = project1UITests.xctest; sourceTree = BUILT_PRODUCTS_DIR; };
		F616177D1D7E8D30000DCF8F /* project1UITests.swift */ = {isa = PBXFileReference; lastKnownFileType = sourcecode.swift; path = project1UITests.swift; sourceTree = "<group>"; };
		F616177F1D7E8D30000DCF8F /* Info.plist */ = {isa = PBXFileReference; lastKnownFileType = text.plist.xml; path = Info.plist; sourceTree = "<group>"; };
/* End PBXFileReference section */

/* Begin PBXFrameworksBuildPhase section */
		F61617571D7E8D30000DCF8F /* Frameworks */ = {
			isa = PBXFrameworksBuildPhase;
			buildActionMask = 2147483647;
			files = (
			);
			runOnlyForDeploymentPostprocessing = 0;
		};
		F616176B1D7E8D30000DCF8F /* Frameworks */ = {
			isa = PBXFrameworksBuildPhase;
			buildActionMask = 2147483647;
			files = (
			);
			runOnlyForDeploymentPostprocessing = 0;
		};
		F61617761D7E8D30000DCF8F /* Frameworks */ = {
			isa = PBXFrameworksBuildPhase;
			buildActionMask = 2147483647;
			files = (
			);
			runOnlyForDeploymentPostprocessing = 0;
		};
/* End PBXFrameworksBuildPhase section */

/* Begin PBXGroup section */
		F61617511D7E8D30000DCF8F = {
			isa = PBXGroup;
			children = (
				F616175C1D7E8D30000DCF8F /* project1 */,
				F61617711D7E8D30000DCF8F /* project1Tests */,
				F616177C1D7E8D30000DCF8F /* project1UITests */,
				F616175B1D7E8D30000DCF8F /* Products */,
			);
			sourceTree = "<group>";
		};
		F616175B1D7E8D30000DCF8F /* Products */ = {
			isa = PBXGroup;
			children = (
				F616175A1D7E8D30000DCF8F /* project1.app */,
				F616176E1D7E8D30000DCF8F /* project1Tests.xctest */,
				F61617791D7E8D30000DCF8F /* project1UITests.xctest */,
			);
			name = Products;
			sourceTree = "<group>";
		};
		F616175C1D7E8D30000DCF8F /* project1 */ = {
			isa = PBXGroup;
			children = (
				F616175D1D7E8D30000DCF8F /* AppDelegate.swift */,
				F616175F1D7E8D30000DCF8F /* ViewController.swift */,
				F61617611D7E8D30000DCF8F /* Main.storyboard */,
				F61617641D7E8D30000DCF8F /* Assets.xcassets */,
				F61617661D7E8D30000DCF8F /* LaunchScreen.storyboard */,
				F61617691D7E8D30000DCF8F /* Info.plist */,
			);
			path = project1;
			sourceTree = "<group>";
		};
		F61617711D7E8D30000DCF8F /* project1Tests */ = {
			isa = PBXGroup;
			children = (
				F61617721D7E8D30000DCF8F /* project1Tests.swift */,
				F61617741D7E8D30000DCF8F /* Info.plist */,
			);
			path = project1Tests;
			sourceTree = "<group>";
		};
		F616177C1D7E8D30000DCF8F /* project1UITests */ = {
			isa = PBXGroup;
			children = (
				F616177D1D7E8D30000DCF8F /* project1UITests.swift */,
				F616177F1D7E8D30000DCF8F /* Info.plist */,
			);
			path = project1UITests;
			sourceTree = "<group>";
		};
/* End PBXGroup section */

/* Begin PBXNativeTarget section */
		F61617591D7E8D30000DCF8F /* project1 */ = {
			isa = PBXNativeTarget;
			buildConfigurationList = F61617821D7E8D30000DCF8F /* Build configuration list for PBXNativeTarget "project1" */;
			buildPhases = (
				F61617561D7E8D30000DCF8F /* Sources */,
				F61617571D7E8D30000DCF8F /* Frameworks */,
				F61617581D7E8D30000DCF8F /* Resources */,
			);
			buildRules = (
			);
			dependencies = (
			);
			name = project1;
			productName = project1;
			productReference = F616175A1D7E8D30000DCF8F /* project1.app */;
			productType = "com.apple.product-type.application";
		};
		F616176D1D7E8D30000DCF8F /* project1Tests */ = {
			isa = PBXNativeTarget;
			buildConfigurationList = F61617851D7E8D30000DCF8F /* Build configuration list for PBXNativeTarget "project1Tests" */;
			buildPhases = (
				F616176A1D7E8D30000DCF8F /* Sources */,
				F616176B1D7E8D30000DCF8F /* Frameworks */,
				F616176C1D7E8D30000DCF8F /* Resources */,
			);
			buildRules = (
			);
			dependencies = (
				F61617701D7E8D30000DCF8F /* PBXTargetDependency */,
			);
			name = project1Tests;
			productName = project1Tests;
			productReference = F616176E1D7E8D30000DCF8F /* project1Tests.xctest */;
			productType = "com.apple.product-type.bundle.unit-test";
		};
		F61617781D7E8D30000DCF8F /* project1UITests */ = {
			isa = PBXNativeTarget;
			buildConfigurationList = F61617881D7E8D30000DCF8F /* Build configuration list for PBXNativeTarget "project1UITests" */;
			buildPhases = (
				F61617751D7E8D30000DCF8F /* Sources */,
				F61617761D7E8D30000DCF8F /* Frameworks */,
				F61617771D7E8D30000DCF8F /* Resources */,
			);
			buildRules = (
			);
			dependencies = (
				F616177B1D7E8D30000DCF8F /* PBXTargetDependency */,
			);
			name = project1UITests;
			productName = project1UITests;
			productReference = F61617791D7E8D30000DCF8F /* project1UITests.xctest */;
			productType = "com.apple.product-type.bundle.ui-testing";
		};
/* End PBXNativeTarget section */

/* Begin PBXProject section */
		F61617521D7E8D30000DCF8F /* Project object */ = {
			isa = PBXProject;
			attributes = {
				LastUpgradeCheck = 0700;
				ORGANIZATIONNAME = Dishasoft;
				TargetAttributes = {
					F61617591D7E8D30000DCF8F = {
						CreatedOnToolsVersion = 7.0.1;
					};
					F616176D1D7E8D30000DCF8F = {
						CreatedOnToolsVersion = 7.0.1;
						TestTargetID = F61617591D7E8D30000DCF8F;
					};
					F61617781D7E8D30000DCF8F = {
						CreatedOnToolsVersion = 7.0.1;
						TestTargetID = F61617591D7E8D30000DCF8F;
					};
				};
			};
			buildConfigurationList = F61617551D7E8D30000DCF8F /* Build configuration list for PBXProject "project1" */;
			compatibilityVersion = "Xcode 3.2";
			developmentRegion = English;
			hasScannedForEncodings = 0;
			knownRegions = (
				en,
				Base,
			);
			mainGroup = F61617511D7E8D30000DCF8F;
			productRefGroup = F616175B1D7E8D30000DCF8F /* Products */;
			projectDirPath = "";
			projectRoot = "";
			targets = (
				F61617591D7E8D30000DCF8F /* project1 */,
				F616176D1D7E8D30000DCF8F /* project1Tests */,
				F61617781D7E8D30000DCF8F /* project1UITests */,
			);
		};
/* End PBXProject section */

/* Begin PBXResourcesBuildPhase section */
		F61617581D7E8D30000DCF8F /* Resources */ = {
			isa = PBXResourcesBuildPhase;
			buildActionMask = 2147483647;
			files = (
				F61617681D7E8D30000DCF8F /* LaunchScreen.storyboard in Resources */,
				F61617651D7E8D30000DCF8F /* Assets.xcassets in Resources */,
				F61617631D7E8D30000DCF8F /* Main.storyboard in Resources */,
			);
			runOnlyForDeploymentPostprocessing = 0;
		};
		F616176C1D7E8D30000DCF8F /* Resources */ = {
			isa = PBXResourcesBuildPhase;
			buildActionMask = 2147483647;
			files = (
			);
			runOnlyForDeploymentPostprocessing = 0;
		};
		F61617771D7E8D30000DCF8F /* Resources */ = {
			isa = PBXResourcesBuildPhase;
			buildActionMask = 2147483647;
			files = (
			);
			runOnlyForDeploymentPostprocessing = 0;
		};
/* End PBXResourcesBuildPhase section */

/* Begin PBXSourcesBuildPhase section */
		F61617561D7E8D30000DCF8F /* Sources */ = {
			isa = PBXSourcesBuildPhase;
			buildActionMask = 2147483647;
			files = (
				F61617601D7E8D30000DCF8F /* ViewController.swift in Sources */,
				F616175E1D7E8D30000DCF8F /* AppDelegate.swift in Sources */,
			);
			runOnlyForDeploymentPostprocessing = 0;
		};
		F616176A1D7E8D30000DCF8F /* Sources */ = {
			isa = PBXSourcesBuildPhase;
			buildActionMask = 2147483647;
			files = (
				F61617731D7E8D30000DCF8F /* project1Tests.swift in Sources */,
			);
			runOnlyForDeploymentPostprocessing = 0;
		};
		F61617751D7E8D30000DCF8F /* Sources */ = {
			isa = PBXSourcesBuildPhase;
			buildActionMask = 2147483647;
			files = (
				F616177E1D7E8D30000DCF8F /* project1UITests.swift in Sources */,
			);
			runOnlyForDeploymentPostprocessing = 0;
		};
/* End PBXSourcesBuildPhase section */

/* Begin PBXTargetDependency section */
		F61617701D7E8D30000DCF8F /* PBXTargetDependency */ = {
			isa = PBXTargetDependency;
			target = F61617591D7E8D30000DCF8F /* project1 */;
			targetProxy = F616176F1D7E8D30000DCF8F /* PBXContainerItemProxy */;
		};
		F616177B1D7E8D30000DCF8F /* PBXTargetDependency */ = {
			isa = PBXTargetDependency;
			target = F61617591D7E8D30000DCF8F /* project1 */;
			targetProxy = F616177A1D7E8D30000DCF8F /* PBXContainerItemProxy */;
		};
/* End PBXTargetDependency section */

/* Begin PBXVariantGroup section */
		F61617611D7E8D30000DCF8F /* Main.storyboard */ = {
			isa = PBXVariantGroup;
			children = (
				F61617621D7E8D30000DCF8F /* Base */,
			);
			name = Main.storyboard;
			sourceTree = "<group>";
		};
		F61617661D7E8D30000DCF8F /* LaunchScreen.storyboard */ = {
			isa = PBXVariantGroup;
			children = (
				F61617671D7E8D30000DCF8F /* Base */,
			);
			name = LaunchScreen.storyboard;
			sourceTree = "<group>";
		};
/* End PBXVariantGroup section */

/* Begin XCBuildConfiguration section */
		F61617801D7E8D30000DCF8F /* Debug */ = {
			isa = XCBuildConfiguration;
			buildSettings = {
				ALWAYS_SEARCH_USER_PATHS = NO;
				CLANG_CXX_LANGUAGE_STANDARD = "gnu++0x";
				CLANG_CXX_LIBRARY = "libc++";
				CLANG_ENABLE_MODULES = YES;
				CLANG_ENABLE_OBJC_ARC = YES;
				CLANG_WARN_BOOL_CONVERSION = YES;
				CLANG_WARN_CONSTANT_CONVERSION = YES;
				CLANG_WARN_DIRECT_OBJC_ISA_USAGE = YES_ERROR;
				CLANG_WARN_EMPTY_BODY = YES;
				CLANG_WARN_ENUM_CONVERSION = YES;
				CLANG_WARN_INT_CONVERSION = YES;
				CLANG_WARN_OBJC_ROOT_CLASS = YES_ERROR;
				CLANG_WARN_UNREACHABLE_CODE = YES;
				CLANG_WARN__DUPLICATE_METHOD_MATCH = YES;
				"CODE_SIGN_IDENTITY[sdk=iphoneos*]" = "iPhone Developer";
				COPY_PHASE_STRIP = NO;
				DEBUG_INFORMATION_FORMAT = dwarf;
				ENABLE_STRICT_OBJC_MSGSEND = YES;
				ENABLE_TESTABILITY = YES;
				GCC_C_LANGUAGE_STANDARD = gnu99;
				GCC_DYNAMIC_NO_PIC = NO;
				GCC_NO_COMMON_BLOCKS = YES;
				GCC_OPTIMIZATION_LEVEL = 0;
				GCC_PREPROCESSOR_DEFINITIONS = (
					"DEBUG=1",
					"$(inherited)",
				);
				GCC_WARN_64_TO_32_BIT_CONVERSION = YES;
				GCC_WARN_ABOUT_RETURN_TYPE = YES_ERROR;
				GCC_WARN_UNDECLARED_SELECTOR = YES;
				GCC_WARN_UNINITIALIZED_AUTOS = YES_AGGRESSIVE;
				GCC_WARN_UNUSED_FUNCTION = YES;
				GCC_WARN_UNUSED_VARIABLE = YES;
				IPHONEOS_DEPLOYMENT_TARGET = 9.0;
				MTL_ENABLE_DEBUG_INFO = YES;
				ONLY_ACTIVE_ARCH = YES;
				SDKROOT = iphoneos;
				SWIFT_OPTIMIZATION_LEVEL = "-Onone";
			};
			name = Debug;
		};
		F61617811D7E8D30000DCF8F /* Release */ = {
			isa = XCBuildConfiguration;
			buildSettings = {
				ALWAYS_SEARCH_USER_PATHS = NO;
				CLANG_CXX_LANGUAGE_STANDARD = "gnu++0x";
				CLANG_CXX_LIBRARY = "libc++";
				CLANG_ENABLE_MODULES = YES;
				CLANG_ENABLE_OBJC_ARC = YES;
				CLANG_WARN_BOOL_CONVERSION = YES;
				CLANG_WARN_CONSTANT_CONVERSION = YES;
				CLANG_WARN_DIRECT_OBJC_ISA_USAGE = YES_ERROR;
				CLANG_WARN_EMPTY_BODY = YES;
				CLANG_WARN_ENUM_CONVERSION = YES;
				CLANG_WARN_INT_CONVERSION = YES;
				CLANG_WARN_OBJC_ROOT_CLASS = YES_ERROR;
				CLANG_WARN_UNREACHABLE_CODE = YES;
				CLANG_WARN__DUPLICATE_METHOD_MATCH = YES;
				"CODE_SIGN_IDENTITY[sdk=iphoneos*]" = "iPhone Developer";
				COPY_PHASE_STRIP = NO;
				DEBUG_INFORMATION_FORMAT = "dwarf-with-dsym";
				ENABLE_NS_ASSERTIONS = NO;
				ENABLE_STRICT_OBJC_MSGSEND = YES;
				GCC_C_LANGUAGE_STANDARD = gnu99;
				GCC_NO_COMMON_BLOCKS = YES;
				GCC_WARN_64_TO_32_BIT_CONVERSION = YES;
				GCC_WARN_ABOUT_RETURN_TYPE = YES_ERROR;
				GCC_WARN_UNDECLARED_SELECTOR = YES;
				GCC_WARN_UNINITIALIZED_AUTOS = YES_AGGRESSIVE;
				GCC_WARN_UNUSED_FUNCTION = YES;
				GCC_WARN_UNUSED_VARIABLE = YES;
				IPHONEOS_DEPLOYMENT_TARGET = 9.0;
				MTL_ENABLE_DEBUG_INFO = NO;
				SDKROOT = iphoneos;
				VALIDATE_PRODUCT = YES;
			};
			name = Release;
		};
		F61617831D7E8D30000DCF8F /* Debug */ = {
			isa = XCBuildConfiguration;
			buildSettings = {
				ASSETCATALOG_COMPILER_APPICON_NAME = AppIcon;
				INFOPLIST_FILE = project1/Info.plist;
				LD_RUNPATH_SEARCH_PATHS = "$(inherited) @executable_path/Frameworks";
				PRODUCT_BUNDLE_IDENTIFIER = in.dishasoft.project1;
				PRODUCT_NAME = "$(TARGET_NAME)";
			};
			name = Debug;
		};
		F61617841D7E8D30000DCF8F /* Release */ = {
			isa = XCBuildConfiguration;
			buildSettings = {
				ASSETCATALOG_COMPILER_APPICON_NAME = AppIcon;
				INFOPLIST_FILE = project1/Info.plist;
				LD_RUNPATH_SEARCH_PATHS = "$(inherited) @executable_path/Frameworks";
				PRODUCT_BUNDLE_IDENTIFIER = in.dishasoft.project1;
				PRODUCT_NAME = "$(TARGET_NAME)";
			};
			name = Release;
		};
		F61617861D7E8D30000DCF8F /* Debug */ = {
			isa = XCBuildConfiguration;
			buildSettings = {
				BUNDLE_LOADER = "$(TEST_HOST)";
				INFOPLIST_FILE = project1Tests/Info.plist;
				LD_RUNPATH_SEARCH_PATHS = "$(inherited) @executable_path/Frameworks @loader_path/Frameworks";
				PRODUCT_BUNDLE_IDENTIFIER = in.dishasoft.project1Tests;
				PRODUCT_NAME = "$(TARGET_NAME)";
				TEST_HOST = "$(BUILT_PRODUCTS_DIR)/project1.app/project1";
			};
			name = Debug;
		};
		F61617871D7E8D30000DCF8F /* Release */ = {
			isa = XCBuildConfiguration;
			buildSettings = {
				BUNDLE_LOADER = "$(TEST_HOST)";
				INFOPLIST_FILE = project1Tests/Info.plist;
				LD_RUNPATH_SEARCH_PATHS = "$(inherited) @executable_path/Frameworks @loader_path/Frameworks";
				PRODUCT_BUNDLE_IDENTIFIER = in.dishasoft.project1Tests;
				PRODUCT_NAME = "$(TARGET_NAME)";
				TEST_HOST = "$(BUILT_PRODUCTS_DIR)/project1.app/project1";
			};
			name = Release;
		};
		F61617891D7E8D30000DCF8F /* Debug */ = {
			isa = XCBuildConfiguration;
			buildSettings = {
				INFOPLIST_FILE = project1UITests/Info.plist;
				LD_RUNPATH_SEARCH_PATHS = "$(inherited) @executable_path/Frameworks @loader_path/Frameworks";
				PRODUCT_BUNDLE_IDENTIFIER = in.dishasoft.project1UITests;
				PRODUCT_NAME = "$(TARGET_NAME)";
				TEST_TARGET_NAME = project1;
				USES_XCTRUNNER = YES;
			};
			name = Debug;
		};
		F616178A1D7E8D30000DCF8F /* Release */ = {
			isa = XCBuildConfiguration;
			buildSettings = {
				INFOPLIST_FILE = project1UITests/Info.plist;
				LD_RUNPATH_SEARCH_PATHS = "$(inherited) @executable_path/Frameworks @loader_path/Frameworks";
				PRODUCT_BUNDLE_IDENTIFIER = in.dishasoft.project1UITests;
				PRODUCT_NAME = "$(TARGET_NAME)";
				TEST_TARGET_NAME = project1;
				USES_XCTRUNNER = YES;
			};
			name = Release;
		};
/* End XCBuildConfiguration section */

/* Begin XCConfigurationList section */
		F61617551D7E8D30000DCF8F /* Build configuration list for PBXProject "project1" */ = {
			isa = XCConfigurationList;
			buildConfigurations = (
				F61617801D7E8D30000DCF8F /* Debug */,
				F61617811D7E8D30000DCF8F /* Release */,
			);
			defaultConfigurationIsVisible = 0;
			defaultConfigurationName = Release;
		};
		F61617821D7E8D30000DCF8F /* Build configuration list for PBXNativeTarget "project1" */ = {
			isa = XCConfigurationList;
			buildConfigurations = (
				F61617831D7E8D30000DCF8F /* Debug */,
				F61617841D7E8D30000DCF8F /* Release */,
			);
			defaultConfigurationIsVisible = 0;
		};
		F61617851D7E8D30000DCF8F /* Build configuration list for PBXNativeTarget "project1Tests" */ = {
			isa = XCConfigurationList;
			buildConfigurations = (
				F61617861D7E8D30000DCF8F /* Debug */,
				F61617871D7E8D30000DCF8F /* Release */,
			);
			defaultConfigurationIsVisible = 0;
		};
		F61617881D7E8D30000DCF8F /* Build configuration list for PBXNativeTarget "project1UITests" */ = {
			isa = XCConfigurationList;
			buildConfigurations = (
				F61617891D7E8D30000DCF8F /* Debug */,
				F616178A1D7E8D30000DCF8F /* Release */,
			);
			defaultConfigurationIsVisible = 0;
		};
/* End XCConfigurationList section */
	};
	rootObject = F61617521D7E8D30000DCF8F /* Project object */;
}
